
Microsoft Visual Studio Solution File, Format Version 12.00
Project("{2150E333-8FDC-42A3-9474-1A3956D46DE8}") = "src", "src", "{CFC74C58-711E-4130-9ABD-A569FA7AD96A}"
EndProject
Project("{2150E333-8FDC-42A3-9474-1A3956D46DE8}") = "tests", "tests", "{C7BC3012-C08B-4955-9024-0A01C4240926}"
EndProject
Project("{FAE04EC0-301F-11D3-BF4B-00C04F79EFBC}") = "ManagementClient", "src\ManagementClient\ManagementClient.csproj", "{F79F3E4A-2F89-4E7A-B15B-25F5D2C92475}"
EndProject
Project("{FAE04EC0-301F-11D3-BF4B-00C04F79EFBC}") = "CoreServer", "src\CoreServer\CoreServer.csproj", "{A9A4D789-903E-4068-A623-D58EDE5C391E}"
EndProject
Project("{2150E333-8FDC-42A3-9474-1A3956D46DE8}") = "Connectors", "Connectors", "{0CBBAE2A-C161-4303-BC71-B48270E7551B}"
EndProject
Project("{FAE04EC0-301F-11D3-BF4B-00C04F79EFBC}") = "YouTube", "src\Connectors\YouTube\YouTube.csproj", "{85E5C178-0190-4103-AA89-B2CD3A84E77C}"
EndProject
Project("{FAE04EC0-301F-11D3-BF4B-00C04F79EFBC}") = "Core", "src\Connectors\Core\Core.csproj", "{7577B6A2-8E87-435A-980E-36B74D2AC5B5}"
EndProject
Project("{FAE04EC0-301F-11D3-BF4B-00C04F79EFBC}") = "GooglePlayMusic", "src\Connectors\GooglePlayMusic\GooglePlayMusic.csproj", "{29AD6D5B-ADD0-47B1-A7F9-C97B5DACE558}"
EndProject
Global
	GlobalSection(SolutionConfigurationPlatforms) = preSolution
		Debug|Any CPU = Debug|Any CPU
		Release|Any CPU = Release|Any CPU
	EndGlobalSection
	GlobalSection(NestedProjects) = preSolution
		{F79F3E4A-2F89-4E7A-B15B-25F5D2C92475} = {CFC74C58-711E-4130-9ABD-A569FA7AD96A}
		{A9A4D789-903E-4068-A623-D58EDE5C391E} = {CFC74C58-711E-4130-9ABD-A569FA7AD96A}
		{0CBBAE2A-C161-4303-BC71-B48270E7551B} = {CFC74C58-711E-4130-9ABD-A569FA7AD96A}
		{85E5C178-0190-4103-AA89-B2CD3A84E77C} = {0CBBAE2A-C161-4303-BC71-B48270E7551B}
		{7577B6A2-8E87-435A-980E-36B74D2AC5B5} = {0CBBAE2A-C161-4303-BC71-B48270E7551B}
		{29AD6D5B-ADD0-47B1-A7F9-C97B5DACE558} = {0CBBAE2A-C161-4303-BC71-B48270E7551B}
	EndGlobalSection
	GlobalSection(ProjectConfigurationPlatforms) = postSolution
		{F79F3E4A-2F89-4E7A-B15B-25F5D2C92475}.Debug|Any CPU.ActiveCfg = Debug|Any CPU
		{F79F3E4A-2F89-4E7A-B15B-25F5D2C92475}.Debug|Any CPU.Build.0 = Debug|Any CPU
		{F79F3E4A-2F89-4E7A-B15B-25F5D2C92475}.Release|Any CPU.ActiveCfg = Release|Any CPU
		{F79F3E4A-2F89-4E7A-B15B-25F5D2C92475}.Release|Any CPU.Build.0 = Release|Any CPU
		{A9A4D789-903E-4068-A623-D58EDE5C391E}.Debug|Any CPU.ActiveCfg = Debug|Any CPU
		{A9A4D789-903E-4068-A623-D58EDE5C391E}.Debug|Any CPU.Build.0 = Debug|Any CPU
		{A9A4D789-903E-4068-A623-D58EDE5C391E}.Release|Any CPU.ActiveCfg = Release|Any CPU
		{A9A4D789-903E-4068-A623-D58EDE5C391E}.Release|Any CPU.Build.0 = Release|Any CPU
		{85E5C178-0190-4103-AA89-B2CD3A84E77C}.Debug|Any CPU.ActiveCfg = Debug|Any CPU
		{85E5C178-0190-4103-AA89-B2CD3A84E77C}.Debug|Any CPU.Build.0 = Debug|Any CPU
		{85E5C178-0190-4103-AA89-B2CD3A84E77C}.Release|Any CPU.ActiveCfg = Release|Any CPU
		{85E5C178-0190-4103-AA89-B2CD3A84E77C}.Release|Any CPU.Build.0 = Release|Any CPU
		{7577B6A2-8E87-435A-980E-36B74D2AC5B5}.Debug|Any CPU.ActiveCfg = Debug|Any CPU
		{7577B6A2-8E87-435A-980E-36B74D2AC5B5}.Debug|Any CPU.Build.0 = Debug|Any CPU
		{7577B6A2-8E87-435A-980E-36B74D2AC5B5}.Release|Any CPU.ActiveCfg = Release|Any CPU
		{7577B6A2-8E87-435A-980E-36B74D2AC5B5}.Release|Any CPU.Build.0 = Release|Any CPU
		{29AD6D5B-ADD0-47B1-A7F9-C97B5DACE558}.Debug|Any CPU.ActiveCfg = Debug|Any CPU
		{29AD6D5B-ADD0-47B1-A7F9-C97B5DACE558}.Debug|Any CPU.Build.0 = Debug|Any CPU
		{29AD6D5B-ADD0-47B1-A7F9-C97B5DACE558}.Release|Any CPU.ActiveCfg = Release|Any CPU
		{29AD6D5B-ADD0-47B1-A7F9-C97B5DACE558}.Release|Any CPU.Build.0 = Release|Any CPU
	EndGlobalSection
EndGlobal
